
Microsoft Visual Studio Solution File, Format Version 12.00
# Visual Studio 14
VisualStudioVersion = 14.0.25420.1
MinimumVisualStudioVersion = 10.0.40219.1
Project("{FAE04EC0-301F-11D3-BF4B-00C04F79EFBC}") = "SpotifyBlocker", "SpotifyBlocker\SpotifyBlocker.csproj", "{E9D8D6EB-8C72-451A-BC15-2529B73989FA}"
EndProject
Project("{FAE04EC0-301F-11D3-BF4B-00C04F79EFBC}") = "SpotifyAPI", "SpotifyAPI\SpotifyAPI.csproj", "{5E59F201-8960-4F9E-8B0C-E14B8330DD65}"
EndProject
Project("{FAE04EC0-301F-11D3-BF4B-00C04F79EFBC}") = "SpotifyApiUnitTest", "SpotifyApiUnitTest\SpotifyApiUnitTest.csproj", "{800BCB89-0B6F-4511-AFD1-6B452FF4B89E}"
EndProject
Global
	GlobalSection(SolutionConfigurationPlatforms) = preSolution
		Debug|Any CPU = Debug|Any CPU
		Debug|x86 = Debug|x86
		Release|Any CPU = Release|Any CPU
		Release|x86 = Release|x86
	EndGlobalSection
	GlobalSection(ProjectConfigurationPlatforms) = postSolution
		{E9D8D6EB-8C72-451A-BC15-2529B73989FA}.Debug|Any CPU.ActiveCfg = Debug|Any CPU
		{E9D8D6EB-8C72-451A-BC15-2529B73989FA}.Debug|Any CPU.Build.0 = Debug|Any CPU
		{E9D8D6EB-8C72-451A-BC15-2529B73989FA}.Debug|x86.ActiveCfg = Debug|Any CPU
		{E9D8D6EB-8C72-451A-BC15-2529B73989FA}.Debug|x86.Build.0 = Debug|Any CPU
		{E9D8D6EB-8C72-451A-BC15-2529B73989FA}.Release|Any CPU.ActiveCfg = Release|Any CPU
		{E9D8D6EB-8C72-451A-BC15-2529B73989FA}.Release|Any CPU.Build.0 = Release|Any CPU
		{E9D8D6EB-8C72-451A-BC15-2529B73989FA}.Release|x86.ActiveCfg = Release|Any CPU
		{E9D8D6EB-8C72-451A-BC15-2529B73989FA}.Release|x86.Build.0 = Release|Any CPU
		{5E59F201-8960-4F9E-8B0C-E14B8330DD65}.Debug|Any CPU.ActiveCfg = Debug|Any CPU
		{5E59F201-8960-4F9E-8B0C-E14B8330DD65}.Debug|Any CPU.Build.0 = Debug|Any CPU
		{5E59F201-8960-4F9E-8B0C-E14B8330DD65}.Debug|x86.ActiveCfg = Debug|Any CPU
		{5E59F201-8960-4F9E-8B0C-E14B8330DD65}.Debug|x86.Build.0 = Debug|Any CPU
		{5E59F201-8960-4F9E-8B0C-E14B8330DD65}.Release|Any CPU.ActiveCfg = Release|Any CPU
		{5E59F201-8960-4F9E-8B0C-E14B8330DD65}.Release|Any CPU.Build.0 = Release|Any CPU
		{5E59F201-8960-4F9E-8B0C-E14B8330DD65}.Release|x86.ActiveCfg = Release|Any CPU
		{5E59F201-8960-4F9E-8B0C-E14B8330DD65}.Release|x86.Build.0 = Release|Any CPU
		{800BCB89-0B6F-4511-AFD1-6B452FF4B89E}.Debug|Any CPU.ActiveCfg = Debug|Any CPU
		{800BCB89-0B6F-4511-AFD1-6B452FF4B89E}.Debug|x86.ActiveCfg = Debug|Any CPU
		{800BCB89-0B6F-4511-AFD1-6B452FF4B89E}.Debug|x86.Build.0 = Debug|Any CPU
		{800BCB89-0B6F-4511-AFD1-6B452FF4B89E}.Release|Any CPU.ActiveCfg = Release|Any CPU
		{800BCB89-0B6F-4511-AFD1-6B452FF4B89E}.Release|Any CPU.Build.0 = Release|Any CPU
		{800BCB89-0B6F-4511-AFD1-6B452FF4B89E}.Release|x86.ActiveCfg = Release|Any CPU
		{800BCB89-0B6F-4511-AFD1-6B452FF4B89E}.Release|x86.Build.0 = Release|Any CPU
	EndGlobalSection
	GlobalSection(SolutionProperties) = preSolution
		HideSolutionNode = FALSE
	EndGlobalSection
EndGlobal
